// !$*UTF8*$!
{
	archiveVersion = 1;
	classes = {
	};
	objectVersion = 46;
	objects = {

/* Begin PBXBuildFile section */
		41490BB91A313A4F001BB1B0 /* URLAndParametersTests.swift in Sources */ = {isa = PBXBuildFile; fileRef = 41490BB81A313A4F001BB1B0 /* URLAndParametersTests.swift */; };
		417861171A30FE5E003D90C4 /* URLAndParameters.swift in Sources */ = {isa = PBXBuildFile; fileRef = 417861161A30FE5E003D90C4 /* URLAndParameters.swift */; };
		418770181A2DF623000A9C1D /* JSONHelpers.swift in Sources */ = {isa = PBXBuildFile; fileRef = 418770171A2DF623000A9C1D /* JSONHelpers.swift */; };
		4187702A1A2E157A000A9C1D /* RestCall.swift in Sources */ = {isa = PBXBuildFile; fileRef = 418770291A2E157A000A9C1D /* RestCall.swift */; };
		4187702C1A2E15B8000A9C1D /* RestCallTestsToActualService.swift in Sources */ = {isa = PBXBuildFile; fileRef = 4187702B1A2E15B8000A9C1D /* RestCallTestsToActualService.swift */; };
		41C4E3441A2E3C2E00813BD1 /* Content.swift in Sources */ = {isa = PBXBuildFile; fileRef = 41C4E3431A2E3C2E00813BD1 /* Content.swift */; };
		41C4E3461A2E3ED300813BD1 /* ModelProtocols.swift in Sources */ = {isa = PBXBuildFile; fileRef = 41C4E3451A2E3ED300813BD1 /* ModelProtocols.swift */; };
		41C4E3481A2E478500813BD1 /* ContentTests.swift in Sources */ = {isa = PBXBuildFile; fileRef = 41C4E3471A2E478500813BD1 /* ContentTests.swift */; };
		41F38E6E1A2DE93D00C8DF58 /* libiTunesREST.dylib in Frameworks */ = {isa = PBXBuildFile; fileRef = 41F38E621A2DE93D00C8DF58 /* libiTunesREST.dylib */; };
		41F38E7D1A2DEC2300C8DF58 /* RestResponse.swift in Sources */ = {isa = PBXBuildFile; fileRef = 41F38E7C1A2DEC2300C8DF58 /* RestResponse.swift */; };
		41F38E7F1A2DEC6B00C8DF58 /* RestResponseTests.swift in Sources */ = {isa = PBXBuildFile; fileRef = 41F38E7E1A2DEC6B00C8DF58 /* RestResponseTests.swift */; };
/* End PBXBuildFile section */

/* Begin PBXContainerItemProxy section */
		41F38E6F1A2DE93D00C8DF58 /* PBXContainerItemProxy */ = {
			isa = PBXContainerItemProxy;
			containerPortal = 41F38E5A1A2DE93D00C8DF58 /* Project object */;
			proxyType = 1;
			remoteGlobalIDString = 41F38E611A2DE93D00C8DF58;
			remoteInfo = iTunesREST;
		};
/* End PBXContainerItemProxy section */

/* Begin PBXFileReference section */
		41490BB81A313A4F001BB1B0 /* URLAndParametersTests.swift */ = {isa = PBXFileReference; fileEncoding = 4; lastKnownFileType = sourcecode.swift; path = URLAndParametersTests.swift; sourceTree = "<group>"; };
		417861161A30FE5E003D90C4 /* URLAndParameters.swift */ = {isa = PBXFileReference; fileEncoding = 4; lastKnownFileType = sourcecode.swift; path = URLAndParameters.swift; sourceTree = "<group>"; };
		418770171A2DF623000A9C1D /* JSONHelpers.swift */ = {isa = PBXFileReference; fileEncoding = 4; lastKnownFileType = sourcecode.swift; path = JSONHelpers.swift; sourceTree = "<group>"; };
		418770291A2E157A000A9C1D /* RestCall.swift */ = {isa = PBXFileReference; fileEncoding = 4; lastKnownFileType = sourcecode.swift; path = RestCall.swift; sourceTree = "<group>"; };
		4187702B1A2E15B8000A9C1D /* RestCallTestsToActualService.swift */ = {isa = PBXFileReference; fileEncoding = 4; lastKnownFileType = sourcecode.swift; path = RestCallTestsToActualService.swift; sourceTree = "<group>"; };
		41C4E3431A2E3C2E00813BD1 /* Content.swift */ = {isa = PBXFileReference; fileEncoding = 4; lastKnownFileType = sourcecode.swift; path = Content.swift; sourceTree = "<group>"; };
		41C4E3451A2E3ED300813BD1 /* ModelProtocols.swift */ = {isa = PBXFileReference; fileEncoding = 4; lastKnownFileType = sourcecode.swift; path = ModelProtocols.swift; sourceTree = "<group>"; };
		41C4E3471A2E478500813BD1 /* ContentTests.swift */ = {isa = PBXFileReference; fileEncoding = 4; lastKnownFileType = sourcecode.swift; path = ContentTests.swift; sourceTree = "<group>"; };
		41F38E621A2DE93D00C8DF58 /* libiTunesREST.dylib */ = {isa = PBXFileReference; explicitFileType = "compiled.mach-o.dylib"; includeInIndex = 0; path = libiTunesREST.dylib; sourceTree = BUILT_PRODUCTS_DIR; };
		41F38E6D1A2DE93D00C8DF58 /* iTunesRESTTests.xctest */ = {isa = PBXFileReference; explicitFileType = wrapper.cfbundle; includeInIndex = 0; path = iTunesRESTTests.xctest; sourceTree = BUILT_PRODUCTS_DIR; };
		41F38E731A2DE93D00C8DF58 /* Info.plist */ = {isa = PBXFileReference; lastKnownFileType = text.plist.xml; path = Info.plist; sourceTree = "<group>"; };
		41F38E7C1A2DEC2300C8DF58 /* RestResponse.swift */ = {isa = PBXFileReference; fileEncoding = 4; lastKnownFileType = sourcecode.swift; path = RestResponse.swift; sourceTree = "<group>"; };
		41F38E7E1A2DEC6B00C8DF58 /* RestResponseTests.swift */ = {isa = PBXFileReference; fileEncoding = 4; lastKnownFileType = sourcecode.swift; path = RestResponseTests.swift; sourceTree = "<group>"; };
/* End PBXFileReference section */

/* Begin PBXFrameworksBuildPhase section */
		41F38E5F1A2DE93D00C8DF58 /* Frameworks */ = {
			isa = PBXFrameworksBuildPhase;
			buildActionMask = 2147483647;
			files = (
			);
			runOnlyForDeploymentPostprocessing = 0;
		};
		41F38E6A1A2DE93D00C8DF58 /* Frameworks */ = {
			isa = PBXFrameworksBuildPhase;
			buildActionMask = 2147483647;
			files = (
				41F38E6E1A2DE93D00C8DF58 /* libiTunesREST.dylib in Frameworks */,
			);
			runOnlyForDeploymentPostprocessing = 0;
		};
/* End PBXFrameworksBuildPhase section */

/* Begin PBXGroup section */
		41F38E591A2DE93D00C8DF58 = {
			isa = PBXGroup;
			children = (
				41F38E641A2DE93D00C8DF58 /* iTunesREST */,
				41F38E711A2DE93D00C8DF58 /* iTunesRESTTests */,
				41F38E631A2DE93D00C8DF58 /* Products */,
			);
			sourceTree = "<group>";
		};
		41F38E631A2DE93D00C8DF58 /* Products */ = {
			isa = PBXGroup;
			children = (
				41F38E621A2DE93D00C8DF58 /* libiTunesREST.dylib */,
				41F38E6D1A2DE93D00C8DF58 /* iTunesRESTTests.xctest */,
			);
			name = Products;
			sourceTree = "<group>";
		};
		41F38E641A2DE93D00C8DF58 /* iTunesREST */ = {
			isa = PBXGroup;
			children = (
				41F38E7C1A2DEC2300C8DF58 /* RestResponse.swift */,
				418770171A2DF623000A9C1D /* JSONHelpers.swift */,
				418770291A2E157A000A9C1D /* RestCall.swift */,
				41C4E3431A2E3C2E00813BD1 /* Content.swift */,
				41C4E3451A2E3ED300813BD1 /* ModelProtocols.swift */,
				417861161A30FE5E003D90C4 /* URLAndParameters.swift */,
			);
			path = iTunesREST;
			sourceTree = "<group>";
		};
		41F38E711A2DE93D00C8DF58 /* iTunesRESTTests */ = {
			isa = PBXGroup;
			children = (
				41F38E721A2DE93D00C8DF58 /* Supporting Files */,
				41F38E7E1A2DEC6B00C8DF58 /* RestResponseTests.swift */,
				4187702B1A2E15B8000A9C1D /* RestCallTestsToActualService.swift */,
				41C4E3471A2E478500813BD1 /* ContentTests.swift */,
				41490BB81A313A4F001BB1B0 /* URLAndParametersTests.swift */,
			);
			path = iTunesRESTTests;
			sourceTree = "<group>";
		};
		41F38E721A2DE93D00C8DF58 /* Supporting Files */ = {
			isa = PBXGroup;
			children = (
				41F38E731A2DE93D00C8DF58 /* Info.plist */,
			);
			name = "Supporting Files";
			sourceTree = "<group>";
		};
/* End PBXGroup section */

/* Begin PBXHeadersBuildPhase section */
		41F38E601A2DE93D00C8DF58 /* Headers */ = {
			isa = PBXHeadersBuildPhase;
			buildActionMask = 2147483647;
			files = (
			);
			runOnlyForDeploymentPostprocessing = 0;
		};
/* End PBXHeadersBuildPhase section */

/* Begin PBXNativeTarget section */
		41F38E611A2DE93D00C8DF58 /* iTunesREST */ = {
			isa = PBXNativeTarget;
			buildConfigurationList = 41F38E761A2DE93D00C8DF58 /* Build configuration list for PBXNativeTarget "iTunesREST" */;
			buildPhases = (
				41F38E5E1A2DE93D00C8DF58 /* Sources */,
				41F38E5F1A2DE93D00C8DF58 /* Frameworks */,
				41F38E601A2DE93D00C8DF58 /* Headers */,
			);
			buildRules = (
			);
			dependencies = (
			);
			name = iTunesREST;
			productName = iTunesREST;
			productReference = 41F38E621A2DE93D00C8DF58 /* libiTunesREST.dylib */;
			productType = "com.apple.product-type.library.dynamic";
		};
		41F38E6C1A2DE93D00C8DF58 /* iTunesRESTTests */ = {
			isa = PBXNativeTarget;
			buildConfigurationList = 41F38E791A2DE93D00C8DF58 /* Build configuration list for PBXNativeTarget "iTunesRESTTests" */;
			buildPhases = (
				41F38E691A2DE93D00C8DF58 /* Sources */,
				41F38E6A1A2DE93D00C8DF58 /* Frameworks */,
				41F38E6B1A2DE93D00C8DF58 /* Resources */,
			);
			buildRules = (
			);
			dependencies = (
				41F38E701A2DE93D00C8DF58 /* PBXTargetDependency */,
			);
			name = iTunesRESTTests;
			productName = iTunesRESTTests;
			productReference = 41F38E6D1A2DE93D00C8DF58 /* iTunesRESTTests.xctest */;
			productType = "com.apple.product-type.bundle.unit-test";
		};
/* End PBXNativeTarget section */

/* Begin PBXProject section */
		41F38E5A1A2DE93D00C8DF58 /* Project object */ = {
			isa = PBXProject;
			attributes = {
				LastUpgradeCheck = 0610;
				ORGANIZATIONNAME = RSD;
				TargetAttributes = {
					41F38E611A2DE93D00C8DF58 = {
						CreatedOnToolsVersion = 6.1;
					};
					41F38E6C1A2DE93D00C8DF58 = {
						CreatedOnToolsVersion = 6.1;
					};
				};
			};
			buildConfigurationList = 41F38E5D1A2DE93D00C8DF58 /* Build configuration list for PBXProject "iTunesREST" */;
			compatibilityVersion = "Xcode 3.2";
			developmentRegion = English;
			hasScannedForEncodings = 0;
			knownRegions = (
				en,
			);
			mainGroup = 41F38E591A2DE93D00C8DF58;
			productRefGroup = 41F38E631A2DE93D00C8DF58 /* Products */;
			projectDirPath = "";
			projectRoot = "";
			targets = (
				41F38E611A2DE93D00C8DF58 /* iTunesREST */,
				41F38E6C1A2DE93D00C8DF58 /* iTunesRESTTests */,
			);
		};
/* End PBXProject section */

/* Begin PBXResourcesBuildPhase section */
		41F38E6B1A2DE93D00C8DF58 /* Resources */ = {
			isa = PBXResourcesBuildPhase;
			buildActionMask = 2147483647;
			files = (
			);
			runOnlyForDeploymentPostprocessing = 0;
		};
/* End PBXResourcesBuildPhase section */

/* Begin PBXSourcesBuildPhase section */
		41F38E5E1A2DE93D00C8DF58 /* Sources */ = {
			isa = PBXSourcesBuildPhase;
			buildActionMask = 2147483647;
			files = (
				41F38E7D1A2DEC2300C8DF58 /* RestResponse.swift in Sources */,
				4187702A1A2E157A000A9C1D /* RestCall.swift in Sources */,
				418770181A2DF623000A9C1D /* JSONHelpers.swift in Sources */,
				417861171A30FE5E003D90C4 /* URLAndParameters.swift in Sources */,
				41C4E3461A2E3ED300813BD1 /* ModelProtocols.swift in Sources */,
				41C4E3441A2E3C2E00813BD1 /* Content.swift in Sources */,
			);
			runOnlyForDeploymentPostprocessing = 0;
		};
		41F38E691A2DE93D00C8DF58 /* Sources */ = {
			isa = PBXSourcesBuildPhase;
			buildActionMask = 2147483647;
			files = (
				41F38E7F1A2DEC6B00C8DF58 /* RestResponseTests.swift in Sources */,
				4187702C1A2E15B8000A9C1D /* RestCallTestsToActualService.swift in Sources */,
				41C4E3481A2E478500813BD1 /* ContentTests.swift in Sources */,
				41490BB91A313A4F001BB1B0 /* URLAndParametersTests.swift in Sources */,
			);
			runOnlyForDeploymentPostprocessing = 0;
		};
/* End PBXSourcesBuildPhase section */

/* Begin PBXTargetDependency section */
		41F38E701A2DE93D00C8DF58 /* PBXTargetDependency */ = {
			isa = PBXTargetDependency;
			target = 41F38E611A2DE93D00C8DF58 /* iTunesREST */;
			targetProxy = 41F38E6F1A2DE93D00C8DF58 /* PBXContainerItemProxy */;
		};
/* End PBXTargetDependency section */

/* Begin XCBuildConfiguration section */
		41F38E741A2DE93D00C8DF58 /* Debug */ = {
			isa = XCBuildConfiguration;
			buildSettings = {
				ALWAYS_SEARCH_USER_PATHS = NO;
				CLANG_CXX_LANGUAGE_STANDARD = "gnu++0x";
				CLANG_CXX_LIBRARY = "libc++";
				CLANG_ENABLE_MODULES = YES;
				CLANG_ENABLE_OBJC_ARC = YES;
				CLANG_WARN_BOOL_CONVERSION = YES;
				CLANG_WARN_CONSTANT_CONVERSION = YES;
				CLANG_WARN_DIRECT_OBJC_ISA_USAGE = YES_ERROR;
				CLANG_WARN_EMPTY_BODY = YES;
				CLANG_WARN_ENUM_CONVERSION = YES;
				CLANG_WARN_INT_CONVERSION = YES;
				CLANG_WARN_OBJC_ROOT_CLASS = YES_ERROR;
				CLANG_WARN_UNREACHABLE_CODE = YES;
				CLANG_WARN__DUPLICATE_METHOD_MATCH = YES;
				COPY_PHASE_STRIP = NO;
				EMBEDDED_CONTENT_CONTAINS_SWIFT = YES;
				ENABLE_STRICT_OBJC_MSGSEND = YES;
				GCC_C_LANGUAGE_STANDARD = gnu99;
				GCC_DYNAMIC_NO_PIC = NO;
				GCC_OPTIMIZATION_LEVEL = 0;
				GCC_PREPROCESSOR_DEFINITIONS = (
					"DEBUG=1",
					"$(inherited)",
				);
				GCC_SYMBOLS_PRIVATE_EXTERN = NO;
				GCC_WARN_64_TO_32_BIT_CONVERSION = YES;
				GCC_WARN_ABOUT_RETURN_TYPE = YES_ERROR;
				GCC_WARN_UNDECLARED_SELECTOR = YES;
				GCC_WARN_UNINITIALIZED_AUTOS = YES_AGGRESSIVE;
				GCC_WARN_UNUSED_FUNCTION = YES;
				GCC_WARN_UNUSED_VARIABLE = YES;
				MACOSX_DEPLOYMENT_TARGET = 10.10;
				MTL_ENABLE_DEBUG_INFO = YES;
				ONLY_ACTIVE_ARCH = YES;
				SDKROOT = macosx;
			};
			name = Debug;
		};
		41F38E751A2DE93D00C8DF58 /* Release */ = {
			isa = XCBuildConfiguration;
			buildSettings = {
				ALWAYS_SEARCH_USER_PATHS = NO;
				CLANG_CXX_LANGUAGE_STANDARD = "gnu++0x";
				CLANG_CXX_LIBRARY = "libc++";
				CLANG_ENABLE_MODULES = YES;
				CLANG_ENABLE_OBJC_ARC = YES;
				CLANG_WARN_BOOL_CONVERSION = YES;
				CLANG_WARN_CONSTANT_CONVERSION = YES;
				CLANG_WARN_DIRECT_OBJC_ISA_USAGE = YES_ERROR;
				CLANG_WARN_EMPTY_BODY = YES;
				CLANG_WARN_ENUM_CONVERSION = YES;
				CLANG_WARN_INT_CONVERSION = YES;
				CLANG_WARN_OBJC_ROOT_CLASS = YES_ERROR;
				CLANG_WARN_UNREACHABLE_CODE = YES;
				CLANG_WARN__DUPLICATE_METHOD_MATCH = YES;
				COPY_PHASE_STRIP = YES;
				DEBUG_INFORMATION_FORMAT = "dwarf-with-dsym";
				EMBEDDED_CONTENT_CONTAINS_SWIFT = YES;
				ENABLE_NS_ASSERTIONS = NO;
				ENABLE_STRICT_OBJC_MSGSEND = YES;
				GCC_C_LANGUAGE_STANDARD = gnu99;
				GCC_WARN_64_TO_32_BIT_CONVERSION = YES;
				GCC_WARN_ABOUT_RETURN_TYPE = YES_ERROR;
				GCC_WARN_UNDECLARED_SELECTOR = YES;
				GCC_WARN_UNINITIALIZED_AUTOS = YES_AGGRESSIVE;
				GCC_WARN_UNUSED_FUNCTION = YES;
				GCC_WARN_UNUSED_VARIABLE = YES;
				MACOSX_DEPLOYMENT_TARGET = 10.10;
				MTL_ENABLE_DEBUG_INFO = NO;
				SDKROOT = macosx;
			};
			name = Release;
		};
		41F38E771A2DE93D00C8DF58 /* Debug */ = {
			isa = XCBuildConfiguration;
			buildSettings = {
				CLANG_ENABLE_MODULES = YES;
				DYLIB_COMPATIBILITY_VERSION = 1;
				DYLIB_CURRENT_VERSION = 1;
				EMBEDDED_CONTENT_CONTAINS_SWIFT = YES;
				EXECUTABLE_PREFIX = lib;
				LD_RUNPATH_SEARCH_PATHS = "$(inherited) @executable_path/../Frameworks @loader_path/../Frameworks";
				PRODUCT_NAME = "$(TARGET_NAME)";
				SWIFT_OPTIMIZATION_LEVEL = "-Onone";
			};
			name = Debug;
		};
		41F38E781A2DE93D00C8DF58 /* Release */ = {
			isa = XCBuildConfiguration;
			buildSettings = {
				CLANG_ENABLE_MODULES = YES;
				DYLIB_COMPATIBILITY_VERSION = 1;
				DYLIB_CURRENT_VERSION = 1;
				EMBEDDED_CONTENT_CONTAINS_SWIFT = YES;
				EXECUTABLE_PREFIX = lib;
				LD_RUNPATH_SEARCH_PATHS = "$(inherited) @executable_path/../Frameworks @loader_path/../Frameworks";
				PRODUCT_NAME = "$(TARGET_NAME)";
			};
			name = Release;
		};
		41F38E7A1A2DE93D00C8DF58 /* Debug */ = {
			isa = XCBuildConfiguration;
			buildSettings = {
				CLANG_ENABLE_MODULES = YES;
				COMBINE_HIDPI_IMAGES = YES;
				EMBEDDED_CONTENT_CONTAINS_SWIFT = NO;
				FRAMEWORK_SEARCH_PATHS = (
					"$(DEVELOPER_FRAMEWORKS_DIR)",
					"$(inherited)",
				);
				GCC_PREPROCESSOR_DEFINITIONS = (
					"DEBUG=1",
					"$(inherited)",
				);
				INFOPLIST_FILE = iTunesRESTTests/Info.plist;
				LD_RUNPATH_SEARCH_PATHS = "$(inherited) @executable_path/../Frameworks @loader_path/../Frameworks";
				PRODUCT_NAME = "$(TARGET_NAME)";
				SWIFT_OPTIMIZATION_LEVEL = "-Onone";
			};
			name = Debug;
		};
		41F38E7B1A2DE93D00C8DF58 /* Release */ = {
			isa = XCBuildConfiguration;
			buildSettings = {
				CLANG_ENABLE_MODULES = YES;
				COMBINE_HIDPI_IMAGES = YES;
				EMBEDDED_CONTENT_CONTAINS_SWIFT = NO;
				FRAMEWORK_SEARCH_PATHS = (
					"$(DEVELOPER_FRAMEWORKS_DIR)",
					"$(inherited)",
				);
				INFOPLIST_FILE = iTunesRESTTests/Info.plist;
				LD_RUNPATH_SEARCH_PATHS = "$(inherited) @executable_path/../Frameworks @loader_path/../Frameworks";
				PRODUCT_NAME = "$(TARGET_NAME)";
			};
			name = Release;
		};
/* End XCBuildConfiguration section */

/* Begin XCConfigurationList section */
		41F38E5D1A2DE93D00C8DF58 /* Build configuration list for PBXProject "iTunesREST" */ = {
			isa = XCConfigurationList;
			buildConfigurations = (
				41F38E741A2DE93D00C8DF58 /* Debug */,
				41F38E751A2DE93D00C8DF58 /* Release */,
			);
			defaultConfigurationIsVisible = 0;
			defaultConfigurationName = Release;
		};
		41F38E761A2DE93D00C8DF58 /* Build configuration list for PBXNativeTarget "iTunesREST" */ = {
			isa = XCConfigurationList;
			buildConfigurations = (
				41F38E771A2DE93D00C8DF58 /* Debug */,
				41F38E781A2DE93D00C8DF58 /* Release */,
			);
			defaultConfigurationIsVisible = 0;
			defaultConfigurationName = Release;
		};
		41F38E791A2DE93D00C8DF58 /* Build configuration list for PBXNativeTarget "iTunesRESTTests" */ = {
			isa = XCConfigurationList;
			buildConfigurations = (
				41F38E7A1A2DE93D00C8DF58 /* Debug */,
				41F38E7B1A2DE93D00C8DF58 /* Release */,
			);
			defaultConfigurationIsVisible = 0;
			defaultConfigurationName = Release;
		};
/* End XCConfigurationList section */
	};
	rootObject = 41F38E5A1A2DE93D00C8DF58 /* Project object */;
}
